// !$*UTF8*$!
{
	archiveVersion = 1;
	classes = {
	};
	objectVersion = 52;
	objects = {

/* Begin PBXBuildFile section */
		B3BAD6AF266F3467007345D1 /* AppDelegate.swift in Sources */ = {isa = PBXBuildFile; fileRef = B3BAD6AE266F3467007345D1 /* AppDelegate.swift */; };
		B3BAD6B1266F3467007345D1 /* SceneDelegate.swift in Sources */ = {isa = PBXBuildFile; fileRef = B3BAD6B0266F3467007345D1 /* SceneDelegate.swift */; };
		B3BAD6B3266F3467007345D1 /* ContentView.swift in Sources */ = {isa = PBXBuildFile; fileRef = B3BAD6B2266F3467007345D1 /* ContentView.swift */; };
		B3BAD6B5266F346A007345D1 /* Assets.xcassets in Resources */ = {isa = PBXBuildFile; fileRef = B3BAD6B4266F346A007345D1 /* Assets.xcassets */; };
		B3BAD6B8266F346A007345D1 /* Preview Assets.xcassets in Resources */ = {isa = PBXBuildFile; fileRef = B3BAD6B7266F346A007345D1 /* Preview Assets.xcassets */; };
		B3BAD6BB266F346A007345D1 /* LaunchScreen.storyboard in Resources */ = {isa = PBXBuildFile; fileRef = B3BAD6B9266F346A007345D1 /* LaunchScreen.storyboard */; };
		B3BAD6C4266F3498007345D1 /* MDOLib.xcframework in Frameworks */ = {isa = PBXBuildFile; fileRef = B3BAD6C3266F3498007345D1 /* MDOLib.xcframework */; };
/* End PBXBuildFile section */

/* Begin PBXFileReference section */
		B3BAD6AB266F3467007345D1 /* MDOXCFrameworkExample.app */ = {isa = PBXFileReference; explicitFileType = wrapper.application; includeInIndex = 0; path = MDOXCFrameworkExample.app; sourceTree = BUILT_PRODUCTS_DIR; };
		B3BAD6AE266F3467007345D1 /* AppDelegate.swift */ = {isa = PBXFileReference; lastKnownFileType = sourcecode.swift; path = AppDelegate.swift; sourceTree = "<group>"; };
		B3BAD6B0266F3467007345D1 /* SceneDelegate.swift */ = {isa = PBXFileReference; lastKnownFileType = sourcecode.swift; path = SceneDelegate.swift; sourceTree = "<group>"; };
		B3BAD6B2266F3467007345D1 /* ContentView.swift */ = {isa = PBXFileReference; lastKnownFileType = sourcecode.swift; path = ContentView.swift; sourceTree = "<group>"; };
		B3BAD6B4266F346A007345D1 /* Assets.xcassets */ = {isa = PBXFileReference; lastKnownFileType = folder.assetcatalog; path = Assets.xcassets; sourceTree = "<group>"; };
		B3BAD6B7266F346A007345D1 /* Preview Assets.xcassets */ = {isa = PBXFileReference; lastKnownFileType = folder.assetcatalog; path = "Preview Assets.xcassets"; sourceTree = "<group>"; };
		B3BAD6BA266F346A007345D1 /* Base */ = {isa = PBXFileReference; lastKnownFileType = file.storyboard; name = Base; path = Base.lproj/LaunchScreen.storyboard; sourceTree = "<group>"; };
		B3BAD6BC266F346A007345D1 /* Info.plist */ = {isa = PBXFileReference; lastKnownFileType = text.plist.xml; path = Info.plist; sourceTree = "<group>"; };
		B3BAD6C3266F3498007345D1 /* MDOLib.xcframework */ = {isa = PBXFileReference; lastKnownFileType = wrapper.xcframework; path = MDOLib.xcframework; sourceTree = "<group>"; };
/* End PBXFileReference section */

/* Begin PBXFrameworksBuildPhase section */
		B3BAD6A8266F3467007345D1 /* Frameworks */ = {
			isa = PBXFrameworksBuildPhase;
			buildActionMask = 2147483647;
			files = (
				B3BAD6C4266F3498007345D1 /* MDOLib.xcframework in Frameworks */,
			);
			runOnlyForDeploymentPostprocessing = 0;
		};
/* End PBXFrameworksBuildPhase section */

/* Begin PBXGroup section */
		B3BAD6A2266F3467007345D1 = {
			isa = PBXGroup;
			children = (
				B3BAD6AD266F3467007345D1 /* MDOXCFrameworkExample */,
				B3BAD6AC266F3467007345D1 /* Products */,
			);
			sourceTree = "<group>";
		};
		B3BAD6AC266F3467007345D1 /* Products */ = {
			isa = PBXGroup;
			children = (
				B3BAD6AB266F3467007345D1 /* MDOXCFrameworkExample.app */,
			);
			name = Products;
			sourceTree = "<group>";
		};
		B3BAD6AD266F3467007345D1 /* MDOXCFrameworkExample */ = {
			isa = PBXGroup;
			children = (
				B3BAD6C3266F3498007345D1 /* MDOLib.xcframework */,
				B3BAD6AE266F3467007345D1 /* AppDelegate.swift */,
				B3BAD6B0266F3467007345D1 /* SceneDelegate.swift */,
				B3BAD6B2266F3467007345D1 /* ContentView.swift */,
				B3BAD6B4266F346A007345D1 /* Assets.xcassets */,
				B3BAD6B9266F346A007345D1 /* LaunchScreen.storyboard */,
				B3BAD6BC266F346A007345D1 /* Info.plist */,
				B3BAD6B6266F346A007345D1 /* Preview Content */,
			);
			path = MDOXCFrameworkExample;
			sourceTree = "<group>";
		};
		B3BAD6B6266F346A007345D1 /* Preview Content */ = {
			isa = PBXGroup;
			children = (
				B3BAD6B7266F346A007345D1 /* Preview Assets.xcassets */,
			);
			path = "Preview Content";
			sourceTree = "<group>";
		};
/* End PBXGroup section */

/* Begin PBXNativeTarget section */
		B3BAD6AA266F3467007345D1 /* MDOXCFrameworkExample */ = {
			isa = PBXNativeTarget;
			buildConfigurationList = B3BAD6BF266F346A007345D1 /* Build configuration list for PBXNativeTarget "MDOXCFrameworkExample" */;
			buildPhases = (
				B3BAD6A7266F3467007345D1 /* Sources */,
				B3BAD6A8266F3467007345D1 /* Frameworks */,
				B3BAD6A9266F3467007345D1 /* Resources */,
			);
			buildRules = (
			);
			dependencies = (
			);
			name = MDOXCFrameworkExample;
			productName = MDOXCFrameworkExample;
			productReference = B3BAD6AB266F3467007345D1 /* MDOXCFrameworkExample.app */;
			productType = "com.apple.product-type.application";
		};
/* End PBXNativeTarget section */

/* Begin PBXProject section */
		B3BAD6A3266F3467007345D1 /* Project object */ = {
			isa = PBXProject;
			attributes = {
				LastSwiftUpdateCheck = 1210;
				LastUpgradeCheck = 1210;
				TargetAttributes = {
					B3BAD6AA266F3467007345D1 = {
						CreatedOnToolsVersion = 12.1;
					};
				};
			};
			buildConfigurationList = B3BAD6A6266F3467007345D1 /* Build configuration list for PBXProject "MDOXCFrameworkExample" */;
			compatibilityVersion = "Xcode 9.3";
			developmentRegion = en;
			hasScannedForEncodings = 0;
			knownRegions = (
				en,
				Base,
			);
			mainGroup = B3BAD6A2266F3467007345D1;
			productRefGroup = B3BAD6AC266F3467007345D1 /* Products */;
			projectDirPath = "";
			projectRoot = "";
			targets = (
				B3BAD6AA266F3467007345D1 /* MDOXCFrameworkExample */,
			);
		};
/* End PBXProject section */

/* Begin PBXResourcesBuildPhase section */
		B3BAD6A9266F3467007345D1 /* Resources */ = {
			isa = PBXResourcesBuildPhase;
			buildActionMask = 2147483647;
			files = (
				B3BAD6BB266F346A007345D1 /* LaunchScreen.storyboard in Resources */,
				B3BAD6B8266F346A007345D1 /* Preview Assets.xcassets in Resources */,
				B3BAD6B5266F346A007345D1 /* Assets.xcassets in Resources */,
			);
			runOnlyForDeploymentPostprocessing = 0;
		};
/* End PBXResourcesBuildPhase section */

/* Begin PBXSourcesBuildPhase section */
		B3BAD6A7266F3467007345D1 /* Sources */ = {
			isa = PBXSourcesBuildPhase;
			buildActionMask = 2147483647;
			files = (
				B3BAD6AF266F3467007345D1 /* AppDelegate.swift in Sources */,
				B3BAD6B1266F3467007345D1 /* SceneDelegate.swift in Sources */,
				B3BAD6B3266F3467007345D1 /* ContentView.swift in Sources */,
			);
			runOnlyForDeploymentPostprocessing = 0;
		};
/* End PBXSourcesBuildPhase section */

/* Begin PBXVariantGroup section */
		B3BAD6B9266F346A007345D1 /* LaunchScreen.storyboard */ = {
			isa = PBXVariantGroup;
			children = (
				B3BAD6BA266F346A007345D1 /* Base */,
			);
			name = LaunchScreen.storyboard;
			sourceTree = "<group>";
		};
/* End PBXVariantGroup section */

/* Begin XCBuildConfiguration section */
		B3BAD6BD266F346A007345D1 /* Debug */ = {
			isa = XCBuildConfiguration;
			buildSettings = {
				ALWAYS_SEARCH_USER_PATHS = NO;
				CLANG_ANALYZER_NONNULL = YES;
				CLANG_ANALYZER_NUMBER_OBJECT_CONVERSION = YES_AGGRESSIVE;
				CLANG_CXX_LANGUAGE_STANDARD = "gnu++14";
				CLANG_CXX_LIBRARY = "libc++";
				CLANG_ENABLE_MODULES = YES;
				CLANG_ENABLE_OBJC_ARC = YES;
				CLANG_ENABLE_OBJC_WEAK = YES;
				CLANG_WARN_BLOCK_CAPTURE_AUTORELEASING = YES;
				CLANG_WARN_BOOL_CONVERSION = YES;
				CLANG_WARN_COMMA = YES;
				CLANG_WARN_CONSTANT_CONVERSION = YES;
				CLANG_WARN_DEPRECATED_OBJC_IMPLEMENTATIONS = YES;
				CLANG_WARN_DIRECT_OBJC_ISA_USAGE = YES_ERROR;
				CLANG_WARN_DOCUMENTATION_COMMENTS = YES;
				CLANG_WARN_EMPTY_BODY = YES;
				CLANG_WARN_ENUM_CONVERSION = YES;
				CLANG_WARN_INFINITE_RECURSION = YES;
				CLANG_WARN_INT_CONVERSION = YES;
				CLANG_WARN_NON_LITERAL_NULL_CONVERSION = YES;
				CLANG_WARN_OBJC_IMPLICIT_RETAIN_SELF = YES;
				CLANG_WARN_OBJC_LITERAL_CONVERSION = YES;
				CLANG_WARN_OBJC_ROOT_CLASS = YES_ERROR;
				CLANG_WARN_QUOTED_INCLUDE_IN_FRAMEWORK_HEADER = YES;
				CLANG_WARN_RANGE_LOOP_ANALYSIS = YES;
				CLANG_WARN_STRICT_PROTOTYPES = YES;
				CLANG_WARN_SUSPICIOUS_MOVE = YES;
				CLANG_WARN_UNGUARDED_AVAILABILITY = YES_AGGRESSIVE;
				CLANG_WARN_UNREACHABLE_CODE = YES;
				CLANG_WARN__DUPLICATE_METHOD_MATCH = YES;
				COPY_PHASE_STRIP = NO;
				DEBUG_INFORMATION_FORMAT = dwarf;
				ENABLE_STRICT_OBJC_MSGSEND = YES;
				ENABLE_TESTABILITY = YES;
				GCC_C_LANGUAGE_STANDARD = gnu11;
				GCC_DYNAMIC_NO_PIC = NO;
				GCC_NO_COMMON_BLOCKS = YES;
				GCC_OPTIMIZATION_LEVEL = 0;
				GCC_PREPROCESSOR_DEFINITIONS = (
					"DEBUG=1",
					"$(inherited)",
				);
				GCC_WARN_64_TO_32_BIT_CONVERSION = YES;
				GCC_WARN_ABOUT_RETURN_TYPE = YES_ERROR;
				GCC_WARN_UNDECLARED_SELECTOR = YES;
				GCC_WARN_UNINITIALIZED_AUTOS = YES_AGGRESSIVE;
				GCC_WARN_UNUSED_FUNCTION = YES;
				GCC_WARN_UNUSED_VARIABLE = YES;
				IPHONEOS_DEPLOYMENT_TARGET = 14.1;
				MTL_ENABLE_DEBUG_INFO = INCLUDE_SOURCE;
				MTL_FAST_MATH = YES;
				ONLY_ACTIVE_ARCH = YES;
				SDKROOT = iphoneos;
				SWIFT_ACTIVE_COMPILATION_CONDITIONS = DEBUG;
				SWIFT_OPTIMIZATION_LEVEL = "-Onone";
			};
			name = Debug;
		};
		B3BAD6BE266F346A007345D1 /* Release */ = {
			isa = XCBuildConfiguration;
			buildSettings = {
				ALWAYS_SEARCH_USER_PATHS = NO;
				CLANG_ANALYZER_NONNULL = YES;
				CLANG_ANALYZER_NUMBER_OBJECT_CONVERSION = YES_AGGRESSIVE;
				CLANG_CXX_LANGUAGE_STANDARD = "gnu++14";
				CLANG_CXX_LIBRARY = "libc++";
				CLANG_ENABLE_MODULES = YES;
				CLANG_ENABLE_OBJC_ARC = YES;
				CLANG_ENABLE_OBJC_WEAK = YES;
				CLANG_WARN_BLOCK_CAPTURE_AUTORELEASING = YES;
				CLANG_WARN_BOOL_CONVERSION = YES;
				CLANG_WARN_COMMA = YES;
				CLANG_WARN_CONSTANT_CONVERSION = YES;
				CLANG_WARN_DEPRECATED_OBJC_IMPLEMENTATIONS = YES;
				CLANG_WARN_DIRECT_OBJC_ISA_USAGE = YES_ERROR;
				CLANG_WARN_DOCUMENTATION_COMMENTS = YES;
				CLANG_WARN_EMPTY_BODY = YES;
				CLANG_WARN_ENUM_CONVERSION = YES;
				CLANG_WARN_INFINITE_RECURSION = YES;
				CLANG_WARN_INT_CONVERSION = YES;
				CLANG_WARN_NON_LITERAL_NULL_CONVERSION = YES;
				CLANG_WARN_OBJC_IMPLICIT_RETAIN_SELF = YES;
				CLANG_WARN_OBJC_LITERAL_CONVERSION = YES;
				CLANG_WARN_OBJC_ROOT_CLASS = YES_ERROR;
				CLANG_WARN_QUOTED_INCLUDE_IN_FRAMEWORK_HEADER = YES;
				CLANG_WARN_RANGE_LOOP_ANALYSIS = YES;
				CLANG_WARN_STRICT_PROTOTYPES = YES;
				CLANG_WARN_SUSPICIOUS_MOVE = YES;
				CLANG_WARN_UNGUARDED_AVAILABILITY = YES_AGGRESSIVE;
				CLANG_WARN_UNREACHABLE_CODE = YES;
				CLANG_WARN__DUPLICATE_METHOD_MATCH = YES;
				COPY_PHASE_STRIP = NO;
				DEBUG_INFORMATION_FORMAT = "dwarf-with-dsym";
				ENABLE_NS_ASSERTIONS = NO;
				ENABLE_STRICT_OBJC_MSGSEND = YES;
				GCC_C_LANGUAGE_STANDARD = gnu11;
				GCC_NO_COMMON_BLOCKS = YES;
				GCC_WARN_64_TO_32_BIT_CONVERSION = YES;
				GCC_WARN_ABOUT_RETURN_TYPE = YES_ERROR;
				GCC_WARN_UNDECLARED_SELECTOR = YES;
				GCC_WARN_UNINITIALIZED_AUTOS = YES_AGGRESSIVE;
				GCC_WARN_UNUSED_FUNCTION = YES;
				GCC_WARN_UNUSED_VARIABLE = YES;
				IPHONEOS_DEPLOYMENT_TARGET = 14.1;
				MTL_ENABLE_DEBUG_INFO = NO;
				MTL_FAST_MATH = YES;
				SDKROOT = iphoneos;
				SWIFT_COMPILATION_MODE = wholemodule;
				SWIFT_OPTIMIZATION_LEVEL = "-O";
				VALIDATE_PRODUCT = YES;
			};
			name = Release;
		};
		B3BAD6C0266F346A007345D1 /* Debug */ = {
			isa = XCBuildConfiguration;
			buildSettings = {
				ASSETCATALOG_COMPILER_APPICON_NAME = AppIcon;
				ASSETCATALOG_COMPILER_GLOBAL_ACCENT_COLOR_NAME = AccentColor;
				CODE_SIGN_STYLE = Automatic;
				DEVELOPMENT_ASSET_PATHS = "\"MDOXCFrameworkExample/Preview Content\"";
				ENABLE_PREVIEWS = YES;
				INFOPLIST_FILE = MDOXCFrameworkExample/Info.plist;
				LD_RUNPATH_SEARCH_PATHS = (
					"$(inherited)",
					"@executable_path/Frameworks",
				);
				PRODUCT_BUNDLE_IDENTIFIER = mdo.MDOXCFrameworkExample;
				PRODUCT_NAME = "$(TARGET_NAME)";
				SWIFT_VERSION = 5.0;
				TARGETED_DEVICE_FAMILY = "1,2";
			};
			name = Debug;
		};
		B3BAD6C1266F346A007345D1 /* Release */ = {
			isa = XCBuildConfiguration;
			buildSettings = {
				ASSETCATALOG_COMPILER_APPICON_NAME = AppIcon;
				ASSETCATALOG_COMPILER_GLOBAL_ACCENT_COLOR_NAME = AccentColor;
				CODE_SIGN_STYLE = Automatic;
				DEVELOPMENT_ASSET_PATHS = "\"MDOXCFrameworkExample/Preview Content\"";
				ENABLE_PREVIEWS = YES;
				INFOPLIST_FILE = MDOXCFrameworkExample/Info.plist;
				LD_RUNPATH_SEARCH_PATHS = (
					"$(inherited)",
					"@executable_path/Frameworks",
				);
				PRODUCT_BUNDLE_IDENTIFIER = mdo.MDOXCFrameworkExample;
				PRODUCT_NAME = "$(TARGET_NAME)";
				SWIFT_VERSION = 5.0;
				TARGETED_DEVICE_FAMILY = "1,2";
			};
			name = Release;
		};
/* End XCBuildConfiguration section */

/* Begin XCConfigurationList section */
		B3BAD6A6266F3467007345D1 /* Build configuration list for PBXProject "MDOXCFrameworkExample" */ = {
			isa = XCConfigurationList;
			buildConfigurations = (
				B3BAD6BD266F346A007345D1 /* Debug */,
				B3BAD6BE266F346A007345D1 /* Release */,
			);
			defaultConfigurationIsVisible = 0;
			defaultConfigurationName = Release;
		};
		B3BAD6BF266F346A007345D1 /* Build configuration list for PBXNativeTarget "MDOXCFrameworkExample" */ = {
			isa = XCConfigurationList;
			buildConfigurations = (
				B3BAD6C0266F346A007345D1 /* Debug */,
				B3BAD6C1266F346A007345D1 /* Release */,
			);
			defaultConfigurationIsVisible = 0;
			defaultConfigurationName = Release;
		};
/* End XCConfigurationList section */
	};
	rootObject = B3BAD6A3266F3467007345D1 /* Project object */;
}
